
Microsoft Visual Studio Solution File, Format Version 12.00
# Visual Studio Version 17
VisualStudioVersion = 17.9.34723.18
MinimumVisualStudioVersion = 10.0.40219.1
Project("{FAE04EC0-301F-11D3-BF4B-00C04F79EFBC}") = "ConsoleApp1", "ConsoleApp1.csproj", "{EC1516D0-0114-4611-930F-F7FAE1E49ED1}"
EndProject
Global
	GlobalSection(SolutionConfigurationPlatforms) = preSolution
		Debug|Any CPU = Debug|Any CPU
		Release|Any CPU = Release|Any CPU
	EndGlobalSection
	GlobalSection(ProjectConfigurationPlatforms) = postSolution
		{EC1516D0-0114-4611-930F-F7FAE1E49ED1}.Debug|Any CPU.ActiveCfg = Debug|Any CPU
		{EC1516D0-0114-4611-930F-F7FAE1E49ED1}.Debug|Any CPU.Build.0 = Debug|Any CPU
		{EC1516D0-0114-4611-930F-F7FAE1E49ED1}.Release|Any CPU.ActiveCfg = Release|Any CPU
		{EC1516D0-0114-4611-930F-F7FAE1E49ED1}.Release|Any CPU.Build.0 = Release|Any CPU
	EndGlobalSection
	GlobalSection(SolutionProperties) = preSolution
		HideSolutionNode = FALSE
	EndGlobalSection
	GlobalSection(ExtensibilityGlobals) = postSolution
		SolutionGuid = {F0007FE7-FC67-4780-AA6F-AC4CFBE87990}
	EndGlobalSection
EndGlobal
